
Microsoft Visual Studio Solution File, Format Version 12.00
# Visual Studio Version 17
VisualStudioVersion = 17.7.34024.191
MinimumVisualStudioVersion = 10.0.40219.1
Project("{9A19103F-16F7-4668-BE54-9A1E7A4F7556}") = "AddMemberSystem", "AddMemberSystem.csproj", "{AF6C0BA8-1509-4732-9035-5D8EFA42CC0D}"
EndProject
Global
	GlobalSection(SolutionConfigurationPlatforms) = preSolution
		Debug|Any CPU = Debug|Any CPU
		Release|Any CPU = Release|Any CPU
	EndGlobalSection
	GlobalSection(ProjectConfigurationPlatforms) = postSolution
		{AF6C0BA8-1509-4732-9035-5D8EFA42CC0D}.Debug|Any CPU.ActiveCfg = Debug|Any CPU
		{AF6C0BA8-1509-4732-9035-5D8EFA42CC0D}.Debug|Any CPU.Build.0 = Debug|Any CPU
		{AF6C0BA8-1509-4732-9035-5D8EFA42CC0D}.Release|Any CPU.ActiveCfg = Release|Any CPU
		{AF6C0BA8-1509-4732-9035-5D8EFA42CC0D}.Release|Any CPU.Build.0 = Release|Any CPU
	EndGlobalSection
	GlobalSection(SolutionProperties) = preSolution
		HideSolutionNode = FALSE
	EndGlobalSection
	GlobalSection(ExtensibilityGlobals) = postSolution
		SolutionGuid = {E7DD7719-D55B-4D7A-9B2E-C256FB47BE34}
	EndGlobalSection
EndGlobal
